// !$*UTF8*$!
{
	archiveVersion = 1;
	classes = {
	};
	objectVersion = 46;
	objects = {

/* Begin PBXBuildFile section */
		A216A96F18A58E2A0086A885 /* Foundation.framework in Frameworks */ = {isa = PBXBuildFile; fileRef = A216A96E18A58E2A0086A885 /* Foundation.framework */; };
		A216A97118A58E2A0086A885 /* CoreGraphics.framework in Frameworks */ = {isa = PBXBuildFile; fileRef = A216A97018A58E2A0086A885 /* CoreGraphics.framework */; };
		A216A97318A58E2A0086A885 /* UIKit.framework in Frameworks */ = {isa = PBXBuildFile; fileRef = A216A97218A58E2A0086A885 /* UIKit.framework */; };
		A216A97918A58E2A0086A885 /* InfoPlist.strings in Resources */ = {isa = PBXBuildFile; fileRef = A216A97718A58E2A0086A885 /* InfoPlist.strings */; };
		A216A97B18A58E2A0086A885 /* main.m in Sources */ = {isa = PBXBuildFile; fileRef = A216A97A18A58E2A0086A885 /* main.m */; };
		A216A97F18A58E2A0086A885 /* AppDelegate.m in Sources */ = {isa = PBXBuildFile; fileRef = A216A97E18A58E2A0086A885 /* AppDelegate.m */; };
		A216A98218A58E2A0086A885 /* Main.storyboard in Resources */ = {isa = PBXBuildFile; fileRef = A216A98018A58E2A0086A885 /* Main.storyboard */; };
		A216A98518A58E2A0086A885 /* ViewController.m in Sources */ = {isa = PBXBuildFile; fileRef = A216A98418A58E2A0086A885 /* ViewController.m */; };
		A216A98718A58E2A0086A885 /* Images.xcassets in Resources */ = {isa = PBXBuildFile; fileRef = A216A98618A58E2A0086A885 /* Images.xcassets */; };
		A216A98E18A58E2A0086A885 /* XCTest.framework in Frameworks */ = {isa = PBXBuildFile; fileRef = A216A98D18A58E2A0086A885 /* XCTest.framework */; };
		A216A98F18A58E2A0086A885 /* Foundation.framework in Frameworks */ = {isa = PBXBuildFile; fileRef = A216A96E18A58E2A0086A885 /* Foundation.framework */; };
		A216A99018A58E2A0086A885 /* UIKit.framework in Frameworks */ = {isa = PBXBuildFile; fileRef = A216A97218A58E2A0086A885 /* UIKit.framework */; };
		A216A99818A58E2A0086A885 /* InfoPlist.strings in Resources */ = {isa = PBXBuildFile; fileRef = A216A99618A58E2A0086A885 /* InfoPlist.strings */; };
		A216A99A18A58E2A0086A885 /* footballtestTests.m in Sources */ = {isa = PBXBuildFile; fileRef = A216A99918A58E2A0086A885 /* footballtestTests.m */; };
		A216A9A418A599BE0086A885 /* QuartzCore.framework in Frameworks */ = {isa = PBXBuildFile; fileRef = A216A9A318A599BE0086A885 /* QuartzCore.framework */; };
		A2C84DC518B5268900FAE395 /* PlayerTableViewController.m in Sources */ = {isa = PBXBuildFile; fileRef = A2C84DC418B5268900FAE395 /* PlayerTableViewController.m */; };
		A2C84DC818B5646F00FAE395 /* Player.m in Sources */ = {isa = PBXBuildFile; fileRef = A2C84DC718B5646F00FAE395 /* Player.m */; };
		A2C84DCB18B5683A00FAE395 /* Team.m in Sources */ = {isa = PBXBuildFile; fileRef = A2C84DCA18B5683A00FAE395 /* Team.m */; };
		A2C84DCE18B5795600FAE395 /* PlayerView.m in Sources */ = {isa = PBXBuildFile; fileRef = A2C84DCD18B5795600FAE395 /* PlayerView.m */; };
		A2C84DD118B579AA00FAE395 /* PlayerLayout.m in Sources */ = {isa = PBXBuildFile; fileRef = A2C84DD018B579AA00FAE395 /* PlayerLayout.m */; };
/* End PBXBuildFile section */

/* Begin PBXContainerItemProxy section */
		A216A99118A58E2A0086A885 /* PBXContainerItemProxy */ = {
			isa = PBXContainerItemProxy;
			containerPortal = A216A96318A58E2A0086A885 /* Project object */;
			proxyType = 1;
			remoteGlobalIDString = A216A96A18A58E2A0086A885;
			remoteInfo = footballtest;
		};
/* End PBXContainerItemProxy section */

/* Begin PBXFileReference section */
		A216A96B18A58E2A0086A885 /* footballtest.app */ = {isa = PBXFileReference; explicitFileType = wrapper.application; includeInIndex = 0; path = footballtest.app; sourceTree = BUILT_PRODUCTS_DIR; };
		A216A96E18A58E2A0086A885 /* Foundation.framework */ = {isa = PBXFileReference; lastKnownFileType = wrapper.framework; name = Foundation.framework; path = System/Library/Frameworks/Foundation.framework; sourceTree = SDKROOT; };
		A216A97018A58E2A0086A885 /* CoreGraphics.framework */ = {isa = PBXFileReference; lastKnownFileType = wrapper.framework; name = CoreGraphics.framework; path = System/Library/Frameworks/CoreGraphics.framework; sourceTree = SDKROOT; };
		A216A97218A58E2A0086A885 /* UIKit.framework */ = {isa = PBXFileReference; lastKnownFileType = wrapper.framework; name = UIKit.framework; path = System/Library/Frameworks/UIKit.framework; sourceTree = SDKROOT; };
		A216A97618A58E2A0086A885 /* footballtest-Info.plist */ = {isa = PBXFileReference; lastKnownFileType = text.plist.xml; path = "footballtest-Info.plist"; sourceTree = "<group>"; };
		A216A97818A58E2A0086A885 /* en */ = {isa = PBXFileReference; lastKnownFileType = text.plist.strings; name = en; path = en.lproj/InfoPlist.strings; sourceTree = "<group>"; };
		A216A97A18A58E2A0086A885 /* main.m */ = {isa = PBXFileReference; lastKnownFileType = sourcecode.c.objc; path = main.m; sourceTree = "<group>"; };
		A216A97C18A58E2A0086A885 /* footballtest-Prefix.pch */ = {isa = PBXFileReference; lastKnownFileType = sourcecode.c.h; path = "footballtest-Prefix.pch"; sourceTree = "<group>"; };
		A216A97D18A58E2A0086A885 /* AppDelegate.h */ = {isa = PBXFileReference; lastKnownFileType = sourcecode.c.h; path = AppDelegate.h; sourceTree = "<group>"; };
		A216A97E18A58E2A0086A885 /* AppDelegate.m */ = {isa = PBXFileReference; lastKnownFileType = sourcecode.c.objc; path = AppDelegate.m; sourceTree = "<group>"; };
		A216A98118A58E2A0086A885 /* Base */ = {isa = PBXFileReference; lastKnownFileType = file.storyboard; name = Base; path = Base.lproj/Main.storyboard; sourceTree = "<group>"; };
		A216A98318A58E2A0086A885 /* ViewController.h */ = {isa = PBXFileReference; lastKnownFileType = sourcecode.c.h; path = ViewController.h; sourceTree = "<group>"; };
		A216A98418A58E2A0086A885 /* ViewController.m */ = {isa = PBXFileReference; lastKnownFileType = sourcecode.c.objc; path = ViewController.m; sourceTree = "<group>"; };
		A216A98618A58E2A0086A885 /* Images.xcassets */ = {isa = PBXFileReference; lastKnownFileType = folder.assetcatalog; path = Images.xcassets; sourceTree = "<group>"; };
		A216A98C18A58E2A0086A885 /* footballtestTests.xctest */ = {isa = PBXFileReference; explicitFileType = wrapper.cfbundle; includeInIndex = 0; path = footballtestTests.xctest; sourceTree = BUILT_PRODUCTS_DIR; };
		A216A98D18A58E2A0086A885 /* XCTest.framework */ = {isa = PBXFileReference; lastKnownFileType = wrapper.framework; name = XCTest.framework; path = Library/Frameworks/XCTest.framework; sourceTree = DEVELOPER_DIR; };
		A216A99518A58E2A0086A885 /* footballtestTests-Info.plist */ = {isa = PBXFileReference; lastKnownFileType = text.plist.xml; path = "footballtestTests-Info.plist"; sourceTree = "<group>"; };
		A216A99718A58E2A0086A885 /* en */ = {isa = PBXFileReference; lastKnownFileType = text.plist.strings; name = en; path = en.lproj/InfoPlist.strings; sourceTree = "<group>"; };
		A216A99918A58E2A0086A885 /* footballtestTests.m */ = {isa = PBXFileReference; lastKnownFileType = sourcecode.c.objc; path = footballtestTests.m; sourceTree = "<group>"; };
		A216A9A318A599BE0086A885 /* QuartzCore.framework */ = {isa = PBXFileReference; lastKnownFileType = wrapper.framework; name = QuartzCore.framework; path = System/Library/Frameworks/QuartzCore.framework; sourceTree = SDKROOT; };
		A2C84DC318B5268900FAE395 /* PlayerTableViewController.h */ = {isa = PBXFileReference; fileEncoding = 4; lastKnownFileType = sourcecode.c.h; path = PlayerTableViewController.h; sourceTree = "<group>"; };
		A2C84DC418B5268900FAE395 /* PlayerTableViewController.m */ = {isa = PBXFileReference; fileEncoding = 4; lastKnownFileType = sourcecode.c.objc; path = PlayerTableViewController.m; sourceTree = "<group>"; };
		A2C84DC618B5646F00FAE395 /* Player.h */ = {isa = PBXFileReference; fileEncoding = 4; lastKnownFileType = sourcecode.c.h; path = Player.h; sourceTree = "<group>"; };
		A2C84DC718B5646F00FAE395 /* Player.m */ = {isa = PBXFileReference; fileEncoding = 4; lastKnownFileType = sourcecode.c.objc; path = Player.m; sourceTree = "<group>"; };
		A2C84DC918B5683A00FAE395 /* Team.h */ = {isa = PBXFileReference; fileEncoding = 4; lastKnownFileType = sourcecode.c.h; path = Team.h; sourceTree = "<group>"; };
		A2C84DCA18B5683A00FAE395 /* Team.m */ = {isa = PBXFileReference; fileEncoding = 4; lastKnownFileType = sourcecode.c.objc; path = Team.m; sourceTree = "<group>"; };
		A2C84DCC18B5795600FAE395 /* PlayerView.h */ = {isa = PBXFileReference; fileEncoding = 4; lastKnownFileType = sourcecode.c.h; path = PlayerView.h; sourceTree = "<group>"; };
		A2C84DCD18B5795600FAE395 /* PlayerView.m */ = {isa = PBXFileReference; fileEncoding = 4; lastKnownFileType = sourcecode.c.objc; path = PlayerView.m; sourceTree = "<group>"; };
		A2C84DCF18B579AA00FAE395 /* PlayerLayout.h */ = {isa = PBXFileReference; fileEncoding = 4; lastKnownFileType = sourcecode.c.h; path = PlayerLayout.h; sourceTree = "<group>"; };
		A2C84DD018B579AA00FAE395 /* PlayerLayout.m */ = {isa = PBXFileReference; fileEncoding = 4; lastKnownFileType = sourcecode.c.objc; path = PlayerLayout.m; sourceTree = "<group>"; };
/* End PBXFileReference section */

/* Begin PBXFrameworksBuildPhase section */
		A216A96818A58E2A0086A885 /* Frameworks */ = {
			isa = PBXFrameworksBuildPhase;
			buildActionMask = 2147483647;
			files = (
				A216A9A418A599BE0086A885 /* QuartzCore.framework in Frameworks */,
				A216A97118A58E2A0086A885 /* CoreGraphics.framework in Frameworks */,
				A216A97318A58E2A0086A885 /* UIKit.framework in Frameworks */,
				A216A96F18A58E2A0086A885 /* Foundation.framework in Frameworks */,
			);
			runOnlyForDeploymentPostprocessing = 0;
		};
		A216A98918A58E2A0086A885 /* Frameworks */ = {
			isa = PBXFrameworksBuildPhase;
			buildActionMask = 2147483647;
			files = (
				A216A98E18A58E2A0086A885 /* XCTest.framework in Frameworks */,
				A216A99018A58E2A0086A885 /* UIKit.framework in Frameworks */,
				A216A98F18A58E2A0086A885 /* Foundation.framework in Frameworks */,
			);
			runOnlyForDeploymentPostprocessing = 0;
		};
/* End PBXFrameworksBuildPhase section */

/* Begin PBXGroup section */
		A216A96218A58E2A0086A885 = {
			isa = PBXGroup;
			children = (
				A216A97418A58E2A0086A885 /* footballtest */,
				A216A99318A58E2A0086A885 /* footballtestTests */,
				A216A96D18A58E2A0086A885 /* Frameworks */,
				A216A96C18A58E2A0086A885 /* Products */,
			);
			sourceTree = "<group>";
		};
		A216A96C18A58E2A0086A885 /* Products */ = {
			isa = PBXGroup;
			children = (
				A216A96B18A58E2A0086A885 /* footballtest.app */,
				A216A98C18A58E2A0086A885 /* footballtestTests.xctest */,
			);
			name = Products;
			sourceTree = "<group>";
		};
		A216A96D18A58E2A0086A885 /* Frameworks */ = {
			isa = PBXGroup;
			children = (
				A216A9A318A599BE0086A885 /* QuartzCore.framework */,
				A216A96E18A58E2A0086A885 /* Foundation.framework */,
				A216A97018A58E2A0086A885 /* CoreGraphics.framework */,
				A216A97218A58E2A0086A885 /* UIKit.framework */,
				A216A98D18A58E2A0086A885 /* XCTest.framework */,
			);
			name = Frameworks;
			sourceTree = "<group>";
		};
		A216A97418A58E2A0086A885 /* footballtest */ = {
			isa = PBXGroup;
			children = (
				A216A97D18A58E2A0086A885 /* AppDelegate.h */,
				A216A97E18A58E2A0086A885 /* AppDelegate.m */,
				A216A98018A58E2A0086A885 /* Main.storyboard */,
				A2C84DC618B5646F00FAE395 /* Player.h */,
				A2C84DC718B5646F00FAE395 /* Player.m */,
				A216A98318A58E2A0086A885 /* ViewController.h */,
				A216A98418A58E2A0086A885 /* ViewController.m */,
				A2C84DCF18B579AA00FAE395 /* PlayerLayout.h */,
				A2C84DD018B579AA00FAE395 /* PlayerLayout.m */,
				A2C84DCC18B5795600FAE395 /* PlayerView.h */,
				A2C84DCD18B5795600FAE395 /* PlayerView.m */,
				A2C84DC918B5683A00FAE395 /* Team.h */,
				A2C84DCA18B5683A00FAE395 /* Team.m */,
				A2C84DC318B5268900FAE395 /* PlayerTableViewController.h */,
				A2C84DC418B5268900FAE395 /* PlayerTableViewController.m */,
				A216A98618A58E2A0086A885 /* Images.xcassets */,
				A216A97518A58E2A0086A885 /* Supporting Files */,
			);
			path = footballtest;
			sourceTree = "<group>";
		};
		A216A97518A58E2A0086A885 /* Supporting Files */ = {
			isa = PBXGroup;
			children = (
				A216A97618A58E2A0086A885 /* footballtest-Info.plist */,
				A216A97718A58E2A0086A885 /* InfoPlist.strings */,
				A216A97A18A58E2A0086A885 /* main.m */,
				A216A97C18A58E2A0086A885 /* footballtest-Prefix.pch */,
			);
			name = "Supporting Files";
			sourceTree = "<group>";
		};
		A216A99318A58E2A0086A885 /* footballtestTests */ = {
			isa = PBXGroup;
			children = (
				A216A99918A58E2A0086A885 /* footballtestTests.m */,
				A216A99418A58E2A0086A885 /* Supporting Files */,
			);
			path = footballtestTests;
			sourceTree = "<group>";
		};
		A216A99418A58E2A0086A885 /* Supporting Files */ = {
			isa = PBXGroup;
			children = (
				A216A99518A58E2A0086A885 /* footballtestTests-Info.plist */,
				A216A99618A58E2A0086A885 /* InfoPlist.strings */,
			);
			name = "Supporting Files";
			sourceTree = "<group>";
		};
/* End PBXGroup section */

/* Begin PBXNativeTarget section */
		A216A96A18A58E2A0086A885 /* footballtest */ = {
			isa = PBXNativeTarget;
			buildConfigurationList = A216A99D18A58E2A0086A885 /* Build configuration list for PBXNativeTarget "footballtest" */;
			buildPhases = (
				A216A96718A58E2A0086A885 /* Sources */,
				A216A96818A58E2A0086A885 /* Frameworks */,
				A216A96918A58E2A0086A885 /* Resources */,
			);
			buildRules = (
			);
			dependencies = (
			);
			name = footballtest;
			productName = footballtest;
			productReference = A216A96B18A58E2A0086A885 /* footballtest.app */;
			productType = "com.apple.product-type.application";
		};
		A216A98B18A58E2A0086A885 /* footballtestTests */ = {
			isa = PBXNativeTarget;
			buildConfigurationList = A216A9A018A58E2A0086A885 /* Build configuration list for PBXNativeTarget "footballtestTests" */;
			buildPhases = (
				A216A98818A58E2A0086A885 /* Sources */,
				A216A98918A58E2A0086A885 /* Frameworks */,
				A216A98A18A58E2A0086A885 /* Resources */,
			);
			buildRules = (
			);
			dependencies = (
				A216A99218A58E2A0086A885 /* PBXTargetDependency */,
			);
			name = footballtestTests;
			productName = footballtestTests;
			productReference = A216A98C18A58E2A0086A885 /* footballtestTests.xctest */;
			productType = "com.apple.product-type.bundle.unit-test";
		};
/* End PBXNativeTarget section */

/* Begin PBXProject section */
		A216A96318A58E2A0086A885 /* Project object */ = {
			isa = PBXProject;
			attributes = {
				LastUpgradeCheck = 0500;
				ORGANIZATIONNAME = Brad;
				TargetAttributes = {
					A216A98B18A58E2A0086A885 = {
						TestTargetID = A216A96A18A58E2A0086A885;
					};
				};
			};
			buildConfigurationList = A216A96618A58E2A0086A885 /* Build configuration list for PBXProject "footballtest" */;
			compatibilityVersion = "Xcode 3.2";
			developmentRegion = English;
			hasScannedForEncodings = 0;
			knownRegions = (
				en,
				Base,
			);
			mainGroup = A216A96218A58E2A0086A885;
			productRefGroup = A216A96C18A58E2A0086A885 /* Products */;
			projectDirPath = "";
			projectRoot = "";
			targets = (
				A216A96A18A58E2A0086A885 /* footballtest */,
				A216A98B18A58E2A0086A885 /* footballtestTests */,
			);
		};
/* End PBXProject section */

/* Begin PBXResourcesBuildPhase section */
		A216A96918A58E2A0086A885 /* Resources */ = {
			isa = PBXResourcesBuildPhase;
			buildActionMask = 2147483647;
			files = (
				A216A98718A58E2A0086A885 /* Images.xcassets in Resources */,
				A216A97918A58E2A0086A885 /* InfoPlist.strings in Resources */,
				A216A98218A58E2A0086A885 /* Main.storyboard in Resources */,
			);
			runOnlyForDeploymentPostprocessing = 0;
		};
		A216A98A18A58E2A0086A885 /* Resources */ = {
			isa = PBXResourcesBuildPhase;
			buildActionMask = 2147483647;
			files = (
				A216A99818A58E2A0086A885 /* InfoPlist.strings in Resources */,
			);
			runOnlyForDeploymentPostprocessing = 0;
		};
/* End PBXResourcesBuildPhase section */

/* Begin PBXSourcesBuildPhase section */
		A216A96718A58E2A0086A885 /* Sources */ = {
			isa = PBXSourcesBuildPhase;
			buildActionMask = 2147483647;
			files = (
				A216A98518A58E2A0086A885 /* ViewController.m in Sources */,
				A2C84DCE18B5795600FAE395 /* PlayerView.m in Sources */,
				A216A97F18A58E2A0086A885 /* AppDelegate.m in Sources */,
				A2C84DC518B5268900FAE395 /* PlayerTableViewController.m in Sources */,
				A2C84DD118B579AA00FAE395 /* PlayerLayout.m in Sources */,
				A216A97B18A58E2A0086A885 /* main.m in Sources */,
				A2C84DCB18B5683A00FAE395 /* Team.m in Sources */,
				A2C84DC818B5646F00FAE395 /* Player.m in Sources */,
			);
			runOnlyForDeploymentPostprocessing = 0;
		};
		A216A98818A58E2A0086A885 /* Sources */ = {
			isa = PBXSourcesBuildPhase;
			buildActionMask = 2147483647;
			files = (
				A216A99A18A58E2A0086A885 /* footballtestTests.m in Sources */,
			);
			runOnlyForDeploymentPostprocessing = 0;
		};
/* End PBXSourcesBuildPhase section */

/* Begin PBXTargetDependency section */
		A216A99218A58E2A0086A885 /* PBXTargetDependency */ = {
			isa = PBXTargetDependency;
			target = A216A96A18A58E2A0086A885 /* footballtest */;
			targetProxy = A216A99118A58E2A0086A885 /* PBXContainerItemProxy */;
		};
/* End PBXTargetDependency section */

/* Begin PBXVariantGroup section */
		A216A97718A58E2A0086A885 /* InfoPlist.strings */ = {
			isa = PBXVariantGroup;
			children = (
				A216A97818A58E2A0086A885 /* en */,
			);
			name = InfoPlist.strings;
			sourceTree = "<group>";
		};
		A216A98018A58E2A0086A885 /* Main.storyboard */ = {
			isa = PBXVariantGroup;
			children = (
				A216A98118A58E2A0086A885 /* Base */,
			);
			name = Main.storyboard;
			sourceTree = "<group>";
		};
		A216A99618A58E2A0086A885 /* InfoPlist.strings */ = {
			isa = PBXVariantGroup;
			children = (
				A216A99718A58E2A0086A885 /* en */,
			);
			name = InfoPlist.strings;
			sourceTree = "<group>";
		};
/* End PBXVariantGroup section */

/* Begin XCBuildConfiguration section */
		A216A99B18A58E2A0086A885 /* Debug */ = {
			isa = XCBuildConfiguration;
			buildSettings = {
				ALWAYS_SEARCH_USER_PATHS = NO;
				ARCHS = "$(ARCHS_STANDARD_INCLUDING_64_BIT)";
				CLANG_CXX_LANGUAGE_STANDARD = "gnu++0x";
				CLANG_CXX_LIBRARY = "libc++";
				CLANG_ENABLE_MODULES = YES;
				CLANG_ENABLE_OBJC_ARC = YES;
				CLANG_WARN_BOOL_CONVERSION = YES;
				CLANG_WARN_CONSTANT_CONVERSION = YES;
				CLANG_WARN_DIRECT_OBJC_ISA_USAGE = YES_ERROR;
				CLANG_WARN_EMPTY_BODY = YES;
				CLANG_WARN_ENUM_CONVERSION = YES;
				CLANG_WARN_INT_CONVERSION = YES;
				CLANG_WARN_OBJC_ROOT_CLASS = YES_ERROR;
				CLANG_WARN__DUPLICATE_METHOD_MATCH = YES;
				"CODE_SIGN_IDENTITY[sdk=iphoneos*]" = "iPhone Developer";
				COPY_PHASE_STRIP = NO;
				GCC_C_LANGUAGE_STANDARD = gnu99;
				GCC_DYNAMIC_NO_PIC = NO;
				GCC_OPTIMIZATION_LEVEL = 0;
				GCC_PREPROCESSOR_DEFINITIONS = (
					"DEBUG=1",
					"$(inherited)",
				);
				GCC_SYMBOLS_PRIVATE_EXTERN = NO;
				GCC_WARN_64_TO_32_BIT_CONVERSION = YES;
				GCC_WARN_ABOUT_RETURN_TYPE = YES_ERROR;
				GCC_WARN_UNDECLARED_SELECTOR = YES;
				GCC_WARN_UNINITIALIZED_AUTOS = YES;
				GCC_WARN_UNUSED_FUNCTION = YES;
				GCC_WARN_UNUSED_VARIABLE = YES;
				IPHONEOS_DEPLOYMENT_TARGET = 7.0;
				ONLY_ACTIVE_ARCH = YES;
				SDKROOT = iphoneos;
				TARGETED_DEVICE_FAMILY = 2;
			};
			name = Debug;
		};
		A216A99C18A58E2A0086A885 /* Release */ = {
			isa = XCBuildConfiguration;
			buildSettings = {
				ALWAYS_SEARCH_USER_PATHS = NO;
				ARCHS = "$(ARCHS_STANDARD_INCLUDING_64_BIT)";
				CLANG_CXX_LANGUAGE_STANDARD = "gnu++0x";
				CLANG_CXX_LIBRARY = "libc++";
				CLANG_ENABLE_MODULES = YES;
				CLANG_ENABLE_OBJC_ARC = YES;
				CLANG_WARN_BOOL_CONVERSION = YES;
				CLANG_WARN_CONSTANT_CONVERSION = YES;
				CLANG_WARN_DIRECT_OBJC_ISA_USAGE = YES_ERROR;
				CLANG_WARN_EMPTY_BODY = YES;
				CLANG_WARN_ENUM_CONVERSION = YES;
				CLANG_WARN_INT_CONVERSION = YES;
				CLANG_WARN_OBJC_ROOT_CLASS = YES_ERROR;
				CLANG_WARN__DUPLICATE_METHOD_MATCH = YES;
				"CODE_SIGN_IDENTITY[sdk=iphoneos*]" = "iPhone Developer";
				COPY_PHASE_STRIP = YES;
				ENABLE_NS_ASSERTIONS = NO;
				GCC_C_LANGUAGE_STANDARD = gnu99;
				GCC_WARN_64_TO_32_BIT_CONVERSION = YES;
				GCC_WARN_ABOUT_RETURN_TYPE = YES_ERROR;
				GCC_WARN_UNDECLARED_SELECTOR = YES;
				GCC_WARN_UNINITIALIZED_AUTOS = YES;
				GCC_WARN_UNUSED_FUNCTION = YES;
				GCC_WARN_UNUSED_VARIABLE = YES;
				IPHONEOS_DEPLOYMENT_TARGET = 7.0;
				SDKROOT = iphoneos;
				TARGETED_DEVICE_FAMILY = 2;
				VALIDATE_PRODUCT = YES;
			};
			name = Release;
		};
		A216A99E18A58E2A0086A885 /* Debug */ = {
			isa = XCBuildConfiguration;
			buildSettings = {
				ASSETCATALOG_COMPILER_APPICON_NAME = AppIcon;
				ASSETCATALOG_COMPILER_LAUNCHIMAGE_NAME = LaunchImage;
				GCC_PRECOMPILE_PREFIX_HEADER = YES;
				GCC_PREFIX_HEADER = "footballtest/footballtest-Prefix.pch";
				INFOPLIST_FILE = "footballtest/footballtest-Info.plist";
				PRODUCT_NAME = "$(TARGET_NAME)";
				TARGETED_DEVICE_FAMILY = 2;
				WRAPPER_EXTENSION = app;
			};
			name = Debug;
		};
		A216A99F18A58E2A0086A885 /* Release */ = {
			isa = XCBuildConfiguration;
			buildSettings = {
				ASSETCATALOG_COMPILER_APPICON_NAME = AppIcon;
				ASSETCATALOG_COMPILER_LAUNCHIMAGE_NAME = LaunchImage;
				GCC_PRECOMPILE_PREFIX_HEADER = YES;
				GCC_PREFIX_HEADER = "footballtest/footballtest-Prefix.pch";
				INFOPLIST_FILE = "footballtest/footballtest-Info.plist";
				PRODUCT_NAME = "$(TARGET_NAME)";
				TARGETED_DEVICE_FAMILY = 2;
				WRAPPER_EXTENSION = app;
			};
			name = Release;
		};
		A216A9A118A58E2A0086A885 /* Debug */ = {
			isa = XCBuildConfiguration;
			buildSettings = {
				ARCHS = "$(ARCHS_STANDARD_INCLUDING_64_BIT)";
				BUNDLE_LOADER = "$(BUILT_PRODUCTS_DIR)/footballtest.app/footballtest";
				FRAMEWORK_SEARCH_PATHS = (
					"$(SDKROOT)/Developer/Library/Frameworks",
					"$(inherited)",
					"$(DEVELOPER_FRAMEWORKS_DIR)",
				);
				GCC_PRECOMPILE_PREFIX_HEADER = YES;
				GCC_PREFIX_HEADER = "footballtest/footballtest-Prefix.pch";
				GCC_PREPROCESSOR_DEFINITIONS = (
					"DEBUG=1",
					"$(inherited)",
				);
				INFOPLIST_FILE = "footballtestTests/footballtestTests-Info.plist";
				PRODUCT_NAME = "$(TARGET_NAME)";
				TEST_HOST = "$(BUNDLE_LOADER)";
				WRAPPER_EXTENSION = xctest;
			};
			name = Debug;
		};
		A216A9A218A58E2A0086A885 /* Release */ = {
			isa = XCBuildConfiguration;
			buildSettings = {
				ARCHS = "$(ARCHS_STANDARD_INCLUDING_64_BIT)";
				BUNDLE_LOADER = "$(BUILT_PRODUCTS_DIR)/footballtest.app/footballtest";
				FRAMEWORK_SEARCH_PATHS = (
					"$(SDKROOT)/Developer/Library/Frameworks",
					"$(inherited)",
					"$(DEVELOPER_FRAMEWORKS_DIR)",
				);
				GCC_PRECOMPILE_PREFIX_HEADER = YES;
				GCC_PREFIX_HEADER = "footballtest/footballtest-Prefix.pch";
				INFOPLIST_FILE = "footballtestTests/footballtestTests-Info.plist";
				PRODUCT_NAME = "$(TARGET_NAME)";
				TEST_HOST = "$(BUNDLE_LOADER)";
				WRAPPER_EXTENSION = xctest;
			};
			name = Release;
		};
/* End XCBuildConfiguration section */

/* Begin XCConfigurationList section */
		A216A96618A58E2A0086A885 /* Build configuration list for PBXProject "footballtest" */ = {
			isa = XCConfigurationList;
			buildConfigurations = (
				A216A99B18A58E2A0086A885 /* Debug */,
				A216A99C18A58E2A0086A885 /* Release */,
			);
			defaultConfigurationIsVisible = 0;
			defaultConfigurationName = Release;
		};
		A216A99D18A58E2A0086A885 /* Build configuration list for PBXNativeTarget "footballtest" */ = {
			isa = XCConfigurationList;
			buildConfigurations = (
				A216A99E18A58E2A0086A885 /* Debug */,
				A216A99F18A58E2A0086A885 /* Release */,
			);
			defaultConfigurationIsVisible = 0;
			defaultConfigurationName = Release;
		};
		A216A9A018A58E2A0086A885 /* Build configuration list for PBXNativeTarget "footballtestTests" */ = {
			isa = XCConfigurationList;
			buildConfigurations = (
				A216A9A118A58E2A0086A885 /* Debug */,
				A216A9A218A58E2A0086A885 /* Release */,
			);
			defaultConfigurationIsVisible = 0;
			defaultConfigurationName = Release;
		};
/* End XCConfigurationList section */
	};
	rootObject = A216A96318A58E2A0086A885 /* Project object */;
}
